// !$*UTF8*$!
{
	archiveVersion = 1;
	classes = {
	};
	objectVersion = 46;
	objects = {

/* Begin PBXBuildFile section */
		38DD752B1A5C9BCD00DE8211 /* JavascriptModel.m in Sources */ = {isa = PBXBuildFile; fileRef = 38DD752A1A5C9BCD00DE8211 /* JavascriptModel.m */; };
		38F584411A5C67E60077588B /* main.m in Sources */ = {isa = PBXBuildFile; fileRef = 38F584401A5C67E60077588B /* main.m */; };
		38F584441A5C67E60077588B /* AppDelegate.m in Sources */ = {isa = PBXBuildFile; fileRef = 38F584431A5C67E60077588B /* AppDelegate.m */; };
		38F584471A5C67E60077588B /* JavascriptCoreExample.m in Sources */ = {isa = PBXBuildFile; fileRef = 38F584461A5C67E60077588B /* JavascriptCoreExample.m */; };
		38F5844A1A5C67E60077588B /* Main.storyboard in Resources */ = {isa = PBXBuildFile; fileRef = 38F584481A5C67E60077588B /* Main.storyboard */; };
		38F5844C1A5C67E60077588B /* Images.xcassets in Resources */ = {isa = PBXBuildFile; fileRef = 38F5844B1A5C67E60077588B /* Images.xcassets */; };
		38F5844F1A5C67E60077588B /* LaunchScreen.xib in Resources */ = {isa = PBXBuildFile; fileRef = 38F5844D1A5C67E60077588B /* LaunchScreen.xib */; };
		38F5845B1A5C67E60077588B /* JavascriptCoreTests.m in Sources */ = {isa = PBXBuildFile; fileRef = 38F5845A1A5C67E60077588B /* JavascriptCoreTests.m */; };
		38F584651A5C68120077588B /* WebKit.framework in Frameworks */ = {isa = PBXBuildFile; fileRef = 38F584641A5C68120077588B /* WebKit.framework */; };
		38F584671A5C68170077588B /* JavaScriptCore.framework in Frameworks */ = {isa = PBXBuildFile; fileRef = 38F584661A5C68170077588B /* JavaScriptCore.framework */; };
/* End PBXBuildFile section */

/* Begin PBXContainerItemProxy section */
		38F584551A5C67E60077588B /* PBXContainerItemProxy */ = {
			isa = PBXContainerItemProxy;
			containerPortal = 38F584331A5C67E60077588B /* Project object */;
			proxyType = 1;
			remoteGlobalIDString = 38F5843A1A5C67E60077588B;
			remoteInfo = JavascriptCore;
		};
/* End PBXContainerItemProxy section */

/* Begin PBXFileReference section */
		38DD75291A5C9BCD00DE8211 /* JavascriptModel.h */ = {isa = PBXFileReference; fileEncoding = 4; lastKnownFileType = sourcecode.c.h; path = JavascriptModel.h; sourceTree = "<group>"; };
		38DD752A1A5C9BCD00DE8211 /* JavascriptModel.m */ = {isa = PBXFileReference; fileEncoding = 4; lastKnownFileType = sourcecode.c.objc; path = JavascriptModel.m; sourceTree = "<group>"; };
		38F5843B1A5C67E60077588B /* JavascriptCore.app */ = {isa = PBXFileReference; explicitFileType = wrapper.application; includeInIndex = 0; path = JavascriptCore.app; sourceTree = BUILT_PRODUCTS_DIR; };
		38F5843F1A5C67E60077588B /* Info.plist */ = {isa = PBXFileReference; lastKnownFileType = text.plist.xml; path = Info.plist; sourceTree = "<group>"; };
		38F584401A5C67E60077588B /* main.m */ = {isa = PBXFileReference; lastKnownFileType = sourcecode.c.objc; path = main.m; sourceTree = "<group>"; };
		38F584421A5C67E60077588B /* AppDelegate.h */ = {isa = PBXFileReference; lastKnownFileType = sourcecode.c.h; path = AppDelegate.h; sourceTree = "<group>"; };
		38F584431A5C67E60077588B /* AppDelegate.m */ = {isa = PBXFileReference; lastKnownFileType = sourcecode.c.objc; path = AppDelegate.m; sourceTree = "<group>"; };
		38F584451A5C67E60077588B /* JavascriptCoreExample.h */ = {isa = PBXFileReference; lastKnownFileType = sourcecode.c.h; path = JavascriptCoreExample.h; sourceTree = "<group>"; };
		38F584461A5C67E60077588B /* JavascriptCoreExample.m */ = {isa = PBXFileReference; lastKnownFileType = sourcecode.c.objc; path = JavascriptCoreExample.m; sourceTree = "<group>"; };
		38F584491A5C67E60077588B /* Base */ = {isa = PBXFileReference; lastKnownFileType = file.storyboard; name = Base; path = Base.lproj/Main.storyboard; sourceTree = "<group>"; };
		38F5844B1A5C67E60077588B /* Images.xcassets */ = {isa = PBXFileReference; lastKnownFileType = folder.assetcatalog; path = Images.xcassets; sourceTree = "<group>"; };
		38F5844E1A5C67E60077588B /* Base */ = {isa = PBXFileReference; lastKnownFileType = file.xib; name = Base; path = Base.lproj/LaunchScreen.xib; sourceTree = "<group>"; };
		38F584541A5C67E60077588B /* JavascriptCoreTests.xctest */ = {isa = PBXFileReference; explicitFileType = wrapper.cfbundle; includeInIndex = 0; path = JavascriptCoreTests.xctest; sourceTree = BUILT_PRODUCTS_DIR; };
		38F584591A5C67E60077588B /* Info.plist */ = {isa = PBXFileReference; lastKnownFileType = text.plist.xml; path = Info.plist; sourceTree = "<group>"; };
		38F5845A1A5C67E60077588B /* JavascriptCoreTests.m */ = {isa = PBXFileReference; lastKnownFileType = sourcecode.c.objc; path = JavascriptCoreTests.m; sourceTree = "<group>"; };
		38F584641A5C68120077588B /* WebKit.framework */ = {isa = PBXFileReference; lastKnownFileType = wrapper.framework; name = WebKit.framework; path = System/Library/Frameworks/WebKit.framework; sourceTree = SDKROOT; };
		38F584661A5C68170077588B /* JavaScriptCore.framework */ = {isa = PBXFileReference; lastKnownFileType = wrapper.framework; name = JavaScriptCore.framework; path = System/Library/Frameworks/JavaScriptCore.framework; sourceTree = SDKROOT; };
/* End PBXFileReference section */

/* Begin PBXFrameworksBuildPhase section */
		38F584381A5C67E60077588B /* Frameworks */ = {
			isa = PBXFrameworksBuildPhase;
			buildActionMask = 2147483647;
			files = (
				38F584671A5C68170077588B /* JavaScriptCore.framework in Frameworks */,
				38F584651A5C68120077588B /* WebKit.framework in Frameworks */,
			);
			runOnlyForDeploymentPostprocessing = 0;
		};
		38F584511A5C67E60077588B /* Frameworks */ = {
			isa = PBXFrameworksBuildPhase;
			buildActionMask = 2147483647;
			files = (
			);
			runOnlyForDeploymentPostprocessing = 0;
		};
/* End PBXFrameworksBuildPhase section */

/* Begin PBXGroup section */
		38F584321A5C67E60077588B = {
			isa = PBXGroup;
			children = (
				38F584661A5C68170077588B /* JavaScriptCore.framework */,
				38F584641A5C68120077588B /* WebKit.framework */,
				38F5843D1A5C67E60077588B /* JavascriptCore */,
				38F584571A5C67E60077588B /* JavascriptCoreTests */,
				38F5843C1A5C67E60077588B /* Products */,
			);
			sourceTree = "<group>";
		};
		38F5843C1A5C67E60077588B /* Products */ = {
			isa = PBXGroup;
			children = (
				38F5843B1A5C67E60077588B /* JavascriptCore.app */,
				38F584541A5C67E60077588B /* JavascriptCoreTests.xctest */,
			);
			name = Products;
			sourceTree = "<group>";
		};
		38F5843D1A5C67E60077588B /* JavascriptCore */ = {
			isa = PBXGroup;
			children = (
				38F584421A5C67E60077588B /* AppDelegate.h */,
				38F584431A5C67E60077588B /* AppDelegate.m */,
				38F584451A5C67E60077588B /* JavascriptCoreExample.h */,
				38F584461A5C67E60077588B /* JavascriptCoreExample.m */,
				38DD75291A5C9BCD00DE8211 /* JavascriptModel.h */,
				38DD752A1A5C9BCD00DE8211 /* JavascriptModel.m */,
				38F584481A5C67E60077588B /* Main.storyboard */,
				38F5844B1A5C67E60077588B /* Images.xcassets */,
				38F5844D1A5C67E60077588B /* LaunchScreen.xib */,
				38F5843E1A5C67E60077588B /* Supporting Files */,
			);
			path = JavascriptCore;
			sourceTree = "<group>";
		};
		38F5843E1A5C67E60077588B /* Supporting Files */ = {
			isa = PBXGroup;
			children = (
				38F5843F1A5C67E60077588B /* Info.plist */,
				38F584401A5C67E60077588B /* main.m */,
			);
			name = "Supporting Files";
			sourceTree = "<group>";
		};
		38F584571A5C67E60077588B /* JavascriptCoreTests */ = {
			isa = PBXGroup;
			children = (
				38F5845A1A5C67E60077588B /* JavascriptCoreTests.m */,
				38F584581A5C67E60077588B /* Supporting Files */,
			);
			path = JavascriptCoreTests;
			sourceTree = "<group>";
		};
		38F584581A5C67E60077588B /* Supporting Files */ = {
			isa = PBXGroup;
			children = (
				38F584591A5C67E60077588B /* Info.plist */,
			);
			name = "Supporting Files";
			sourceTree = "<group>";
		};
/* End PBXGroup section */

/* Begin PBXNativeTarget section */
		38F5843A1A5C67E60077588B /* JavascriptCore */ = {
			isa = PBXNativeTarget;
			buildConfigurationList = 38F5845E1A5C67E60077588B /* Build configuration list for PBXNativeTarget "JavascriptCore" */;
			buildPhases = (
				38F584371A5C67E60077588B /* Sources */,
				38F584381A5C67E60077588B /* Frameworks */,
				38F584391A5C67E60077588B /* Resources */,
			);
			buildRules = (
			);
			dependencies = (
			);
			name = JavascriptCore;
			productName = JavascriptCore;
			productReference = 38F5843B1A5C67E60077588B /* JavascriptCore.app */;
			productType = "com.apple.product-type.application";
		};
		38F584531A5C67E60077588B /* JavascriptCoreTests */ = {
			isa = PBXNativeTarget;
			buildConfigurationList = 38F584611A5C67E60077588B /* Build configuration list for PBXNativeTarget "JavascriptCoreTests" */;
			buildPhases = (
				38F584501A5C67E60077588B /* Sources */,
				38F584511A5C67E60077588B /* Frameworks */,
				38F584521A5C67E60077588B /* Resources */,
			);
			buildRules = (
			);
			dependencies = (
				38F584561A5C67E60077588B /* PBXTargetDependency */,
			);
			name = JavascriptCoreTests;
			productName = JavascriptCoreTests;
			productReference = 38F584541A5C67E60077588B /* JavascriptCoreTests.xctest */;
			productType = "com.apple.product-type.bundle.unit-test";
		};
/* End PBXNativeTarget section */

/* Begin PBXProject section */
		38F584331A5C67E60077588B /* Project object */ = {
			isa = PBXProject;
			attributes = {
				LastUpgradeCheck = 0610;
				ORGANIZATIONNAME = "Leonardo Lee";
				TargetAttributes = {
					38F5843A1A5C67E60077588B = {
						CreatedOnToolsVersion = 6.1.1;
					};
					38F584531A5C67E60077588B = {
						CreatedOnToolsVersion = 6.1.1;
						TestTargetID = 38F5843A1A5C67E60077588B;
					};
				};
			};
			buildConfigurationList = 38F584361A5C67E60077588B /* Build configuration list for PBXProject "JavascriptCore" */;
			compatibilityVersion = "Xcode 3.2";
			developmentRegion = English;
			hasScannedForEncodings = 0;
			knownRegions = (
				en,
				Base,
			);
			mainGroup = 38F584321A5C67E60077588B;
			productRefGroup = 38F5843C1A5C67E60077588B /* Products */;
			projectDirPath = "";
			projectRoot = "";
			targets = (
				38F5843A1A5C67E60077588B /* JavascriptCore */,
				38F584531A5C67E60077588B /* JavascriptCoreTests */,
			);
		};
/* End PBXProject section */

/* Begin PBXResourcesBuildPhase section */
		38F584391A5C67E60077588B /* Resources */ = {
			isa = PBXResourcesBuildPhase;
			buildActionMask = 2147483647;
			files = (
				38F5844A1A5C67E60077588B /* Main.storyboard in Resources */,
				38F5844F1A5C67E60077588B /* LaunchScreen.xib in Resources */,
				38F5844C1A5C67E60077588B /* Images.xcassets in Resources */,
			);
			runOnlyForDeploymentPostprocessing = 0;
		};
		38F584521A5C67E60077588B /* Resources */ = {
			isa = PBXResourcesBuildPhase;
			buildActionMask = 2147483647;
			files = (
			);
			runOnlyForDeploymentPostprocessing = 0;
		};
/* End PBXResourcesBuildPhase section */

/* Begin PBXSourcesBuildPhase section */
		38F584371A5C67E60077588B /* Sources */ = {
			isa = PBXSourcesBuildPhase;
			buildActionMask = 2147483647;
			files = (
				38DD752B1A5C9BCD00DE8211 /* JavascriptModel.m in Sources */,
				38F584471A5C67E60077588B /* JavascriptCoreExample.m in Sources */,
				38F584441A5C67E60077588B /* AppDelegate.m in Sources */,
				38F584411A5C67E60077588B /* main.m in Sources */,
			);
			runOnlyForDeploymentPostprocessing = 0;
		};
		38F584501A5C67E60077588B /* Sources */ = {
			isa = PBXSourcesBuildPhase;
			buildActionMask = 2147483647;
			files = (
				38F5845B1A5C67E60077588B /* JavascriptCoreTests.m in Sources */,
			);
			runOnlyForDeploymentPostprocessing = 0;
		};
/* End PBXSourcesBuildPhase section */

/* Begin PBXTargetDependency section */
		38F584561A5C67E60077588B /* PBXTargetDependency */ = {
			isa = PBXTargetDependency;
			target = 38F5843A1A5C67E60077588B /* JavascriptCore */;
			targetProxy = 38F584551A5C67E60077588B /* PBXContainerItemProxy */;
		};
/* End PBXTargetDependency section */

/* Begin PBXVariantGroup section */
		38F584481A5C67E60077588B /* Main.storyboard */ = {
			isa = PBXVariantGroup;
			children = (
				38F584491A5C67E60077588B /* Base */,
			);
			name = Main.storyboard;
			sourceTree = "<group>";
		};
		38F5844D1A5C67E60077588B /* LaunchScreen.xib */ = {
			isa = PBXVariantGroup;
			children = (
				38F5844E1A5C67E60077588B /* Base */,
			);
			name = LaunchScreen.xib;
			sourceTree = "<group>";
		};
/* End PBXVariantGroup section */

/* Begin XCBuildConfiguration section */
		38F5845C1A5C67E60077588B /* Debug */ = {
			isa = XCBuildConfiguration;
			buildSettings = {
				ALWAYS_SEARCH_USER_PATHS = NO;
				CLANG_CXX_LANGUAGE_STANDARD = "gnu++0x";
				CLANG_CXX_LIBRARY = "libc++";
				CLANG_ENABLE_MODULES = YES;
				CLANG_ENABLE_OBJC_ARC = YES;
				CLANG_WARN_BOOL_CONVERSION = YES;
				CLANG_WARN_CONSTANT_CONVERSION = YES;
				CLANG_WARN_DIRECT_OBJC_ISA_USAGE = YES_ERROR;
				CLANG_WARN_EMPTY_BODY = YES;
				CLANG_WARN_ENUM_CONVERSION = YES;
				CLANG_WARN_INT_CONVERSION = YES;
				CLANG_WARN_OBJC_ROOT_CLASS = YES_ERROR;
				CLANG_WARN_UNREACHABLE_CODE = YES;
				CLANG_WARN__DUPLICATE_METHOD_MATCH = YES;
				"CODE_SIGN_IDENTITY[sdk=iphoneos*]" = "iPhone Developer";
				COPY_PHASE_STRIP = NO;
				ENABLE_STRICT_OBJC_MSGSEND = YES;
				GCC_C_LANGUAGE_STANDARD = gnu99;
				GCC_DYNAMIC_NO_PIC = NO;
				GCC_OPTIMIZATION_LEVEL = 0;
				GCC_PREPROCESSOR_DEFINITIONS = (
					"DEBUG=1",
					"$(inherited)",
				);
				GCC_SYMBOLS_PRIVATE_EXTERN = NO;
				GCC_WARN_64_TO_32_BIT_CONVERSION = YES;
				GCC_WARN_ABOUT_RETURN_TYPE = YES_ERROR;
				GCC_WARN_UNDECLARED_SELECTOR = YES;
				GCC_WARN_UNINITIALIZED_AUTOS = YES_AGGRESSIVE;
				GCC_WARN_UNUSED_FUNCTION = YES;
				GCC_WARN_UNUSED_VARIABLE = YES;
				IPHONEOS_DEPLOYMENT_TARGET = 8.1;
				MTL_ENABLE_DEBUG_INFO = YES;
				ONLY_ACTIVE_ARCH = YES;
				SDKROOT = iphoneos;
				TARGETED_DEVICE_FAMILY = "1,2";
			};
			name = Debug;
		};
		38F5845D1A5C67E60077588B /* Release */ = {
			isa = XCBuildConfiguration;
			buildSettings = {
				ALWAYS_SEARCH_USER_PATHS = NO;
				CLANG_CXX_LANGUAGE_STANDARD = "gnu++0x";
				CLANG_CXX_LIBRARY = "libc++";
				CLANG_ENABLE_MODULES = YES;
				CLANG_ENABLE_OBJC_ARC = YES;
				CLANG_WARN_BOOL_CONVERSION = YES;
				CLANG_WARN_CONSTANT_CONVERSION = YES;
				CLANG_WARN_DIRECT_OBJC_ISA_USAGE = YES_ERROR;
				CLANG_WARN_EMPTY_BODY = YES;
				CLANG_WARN_ENUM_CONVERSION = YES;
				CLANG_WARN_INT_CONVERSION = YES;
				CLANG_WARN_OBJC_ROOT_CLASS = YES_ERROR;
				CLANG_WARN_UNREACHABLE_CODE = YES;
				CLANG_WARN__DUPLICATE_METHOD_MATCH = YES;
				"CODE_SIGN_IDENTITY[sdk=iphoneos*]" = "iPhone Developer";
				COPY_PHASE_STRIP = YES;
				ENABLE_NS_ASSERTIONS = NO;
				ENABLE_STRICT_OBJC_MSGSEND = YES;
				GCC_C_LANGUAGE_STANDARD = gnu99;
				GCC_WARN_64_TO_32_BIT_CONVERSION = YES;
				GCC_WARN_ABOUT_RETURN_TYPE = YES_ERROR;
				GCC_WARN_UNDECLARED_SELECTOR = YES;
				GCC_WARN_UNINITIALIZED_AUTOS = YES_AGGRESSIVE;
				GCC_WARN_UNUSED_FUNCTION = YES;
				GCC_WARN_UNUSED_VARIABLE = YES;
				IPHONEOS_DEPLOYMENT_TARGET = 8.1;
				MTL_ENABLE_DEBUG_INFO = NO;
				SDKROOT = iphoneos;
				TARGETED_DEVICE_FAMILY = "1,2";
				VALIDATE_PRODUCT = YES;
			};
			name = Release;
		};
		38F5845F1A5C67E60077588B /* Debug */ = {
			isa = XCBuildConfiguration;
			buildSettings = {
				ASSETCATALOG_COMPILER_APPICON_NAME = AppIcon;
				INFOPLIST_FILE = JavascriptCore/Info.plist;
				LD_RUNPATH_SEARCH_PATHS = "$(inherited) @executable_path/Frameworks";
				PRODUCT_NAME = "$(TARGET_NAME)";
			};
			name = Debug;
		};
		38F584601A5C67E60077588B /* Release */ = {
			isa = XCBuildConfiguration;
			buildSettings = {
				ASSETCATALOG_COMPILER_APPICON_NAME = AppIcon;
				INFOPLIST_FILE = JavascriptCore/Info.plist;
				LD_RUNPATH_SEARCH_PATHS = "$(inherited) @executable_path/Frameworks";
				PRODUCT_NAME = "$(TARGET_NAME)";
			};
			name = Release;
		};
		38F584621A5C67E60077588B /* Debug */ = {
			isa = XCBuildConfiguration;
			buildSettings = {
				BUNDLE_LOADER = "$(TEST_HOST)";
				FRAMEWORK_SEARCH_PATHS = (
					"$(SDKROOT)/Developer/Library/Frameworks",
					"$(inherited)",
				);
				GCC_PREPROCESSOR_DEFINITIONS = (
					"DEBUG=1",
					"$(inherited)",
				);
				INFOPLIST_FILE = JavascriptCoreTests/Info.plist;
				LD_RUNPATH_SEARCH_PATHS = "$(inherited) @executable_path/Frameworks @loader_path/Frameworks";
				PRODUCT_NAME = "$(TARGET_NAME)";
				TEST_HOST = "$(BUILT_PRODUCTS_DIR)/JavascriptCore.app/JavascriptCore";
			};
			name = Debug;
		};
		38F584631A5C67E60077588B /* Release */ = {
			isa = XCBuildConfiguration;
			buildSettings = {
				BUNDLE_LOADER = "$(TEST_HOST)";
				FRAMEWORK_SEARCH_PATHS = (
					"$(SDKROOT)/Developer/Library/Frameworks",
					"$(inherited)",
				);
				INFOPLIST_FILE = JavascriptCoreTests/Info.plist;
				LD_RUNPATH_SEARCH_PATHS = "$(inherited) @executable_path/Frameworks @loader_path/Frameworks";
				PRODUCT_NAME = "$(TARGET_NAME)";
				TEST_HOST = "$(BUILT_PRODUCTS_DIR)/JavascriptCore.app/JavascriptCore";
			};
			name = Release;
		};
/* End XCBuildConfiguration section */

/* Begin XCConfigurationList section */
		38F584361A5C67E60077588B /* Build configuration list for PBXProject "JavascriptCore" */ = {
			isa = XCConfigurationList;
			buildConfigurations = (
				38F5845C1A5C67E60077588B /* Debug */,
				38F5845D1A5C67E60077588B /* Release */,
			);
			defaultConfigurationIsVisible = 0;
			defaultConfigurationName = Release;
		};
		38F5845E1A5C67E60077588B /* Build configuration list for PBXNativeTarget "JavascriptCore" */ = {
			isa = XCConfigurationList;
			buildConfigurations = (
				38F5845F1A5C67E60077588B /* Debug */,
				38F584601A5C67E60077588B /* Release */,
			);
			defaultConfigurationIsVisible = 0;
			defaultConfigurationName = Release;
		};
		38F584611A5C67E60077588B /* Build configuration list for PBXNativeTarget "JavascriptCoreTests" */ = {
			isa = XCConfigurationList;
			buildConfigurations = (
				38F584621A5C67E60077588B /* Debug */,
				38F584631A5C67E60077588B /* Release */,
			);
			defaultConfigurationIsVisible = 0;
			defaultConfigurationName = Release;
		};
/* End XCConfigurationList section */
	};
	rootObject = 38F584331A5C67E60077588B /* Project object */;
}
